// !$*UTF8*$!
{
	archiveVersion = 1;
	classes = {
	};
	objectVersion = 46;
	objects = {

/* Begin PBXBuildFile section */
		791C08FF1832A8FE002F8BEA /* Foundation.framework in Frameworks */ = {isa = PBXBuildFile; fileRef = 791C08FE1832A8FE002F8BEA /* Foundation.framework */; };
		791C09011832A8FE002F8BEA /* CoreGraphics.framework in Frameworks */ = {isa = PBXBuildFile; fileRef = 791C09001832A8FE002F8BEA /* CoreGraphics.framework */; };
		791C09031832A8FE002F8BEA /* UIKit.framework in Frameworks */ = {isa = PBXBuildFile; fileRef = 791C09021832A8FE002F8BEA /* UIKit.framework */; };
		791C09091832A8FE002F8BEA /* InfoPlist.strings in Resources */ = {isa = PBXBuildFile; fileRef = 791C09071832A8FE002F8BEA /* InfoPlist.strings */; };
		791C090B1832A8FE002F8BEA /* main.m in Sources */ = {isa = PBXBuildFile; fileRef = 791C090A1832A8FE002F8BEA /* main.m */; };
		791C090F1832A8FE002F8BEA /* VBAppDelegate.m in Sources */ = {isa = PBXBuildFile; fileRef = 791C090E1832A8FE002F8BEA /* VBAppDelegate.m */; };
		791C09121832A8FE002F8BEA /* Main.storyboard in Resources */ = {isa = PBXBuildFile; fileRef = 791C09101832A8FE002F8BEA /* Main.storyboard */; };
		791C09151832A8FE002F8BEA /* VBViewController.m in Sources */ = {isa = PBXBuildFile; fileRef = 791C09141832A8FE002F8BEA /* VBViewController.m */; };
		791C09171832A8FE002F8BEA /* Images.xcassets in Resources */ = {isa = PBXBuildFile; fileRef = 791C09161832A8FE002F8BEA /* Images.xcassets */; };
		791C091E1832A8FE002F8BEA /* XCTest.framework in Frameworks */ = {isa = PBXBuildFile; fileRef = 791C091D1832A8FE002F8BEA /* XCTest.framework */; };
		791C091F1832A8FE002F8BEA /* Foundation.framework in Frameworks */ = {isa = PBXBuildFile; fileRef = 791C08FE1832A8FE002F8BEA /* Foundation.framework */; };
		791C09201832A8FE002F8BEA /* UIKit.framework in Frameworks */ = {isa = PBXBuildFile; fileRef = 791C09021832A8FE002F8BEA /* UIKit.framework */; };
		791C09281832A8FE002F8BEA /* InfoPlist.strings in Resources */ = {isa = PBXBuildFile; fileRef = 791C09261832A8FE002F8BEA /* InfoPlist.strings */; };
		791C092A1832A8FE002F8BEA /* MinesweeperTests.m in Sources */ = {isa = PBXBuildFile; fileRef = 791C09291832A8FE002F8BEA /* MinesweeperTests.m */; };
/* End PBXBuildFile section */

/* Begin PBXContainerItemProxy section */
		791C09211832A8FE002F8BEA /* PBXContainerItemProxy */ = {
			isa = PBXContainerItemProxy;
			containerPortal = 791C08F31832A8FE002F8BEA /* Project object */;
			proxyType = 1;
			remoteGlobalIDString = 791C08FA1832A8FE002F8BEA;
			remoteInfo = Minesweeper;
		};
/* End PBXContainerItemProxy section */

/* Begin PBXFileReference section */
		791C08FB1832A8FE002F8BEA /* Minesweeper.app */ = {isa = PBXFileReference; explicitFileType = wrapper.application; includeInIndex = 0; path = Minesweeper.app; sourceTree = BUILT_PRODUCTS_DIR; };
		791C08FE1832A8FE002F8BEA /* Foundation.framework */ = {isa = PBXFileReference; lastKnownFileType = wrapper.framework; name = Foundation.framework; path = System/Library/Frameworks/Foundation.framework; sourceTree = SDKROOT; };
		791C09001832A8FE002F8BEA /* CoreGraphics.framework */ = {isa = PBXFileReference; lastKnownFileType = wrapper.framework; name = CoreGraphics.framework; path = System/Library/Frameworks/CoreGraphics.framework; sourceTree = SDKROOT; };
		791C09021832A8FE002F8BEA /* UIKit.framework */ = {isa = PBXFileReference; lastKnownFileType = wrapper.framework; name = UIKit.framework; path = System/Library/Frameworks/UIKit.framework; sourceTree = SDKROOT; };
		791C09061832A8FE002F8BEA /* Minesweeper-Info.plist */ = {isa = PBXFileReference; lastKnownFileType = text.plist.xml; path = "Minesweeper-Info.plist"; sourceTree = "<group>"; };
		791C09081832A8FE002F8BEA /* en */ = {isa = PBXFileReference; lastKnownFileType = text.plist.strings; name = en; path = en.lproj/InfoPlist.strings; sourceTree = "<group>"; };
		791C090A1832A8FE002F8BEA /* main.m */ = {isa = PBXFileReference; lastKnownFileType = sourcecode.c.objc; path = main.m; sourceTree = "<group>"; };
		791C090C1832A8FE002F8BEA /* Minesweeper-Prefix.pch */ = {isa = PBXFileReference; lastKnownFileType = sourcecode.c.h; path = "Minesweeper-Prefix.pch"; sourceTree = "<group>"; };
		791C090D1832A8FE002F8BEA /* VBAppDelegate.h */ = {isa = PBXFileReference; lastKnownFileType = sourcecode.c.h; path = VBAppDelegate.h; sourceTree = "<group>"; };
		791C090E1832A8FE002F8BEA /* VBAppDelegate.m */ = {isa = PBXFileReference; lastKnownFileType = sourcecode.c.objc; path = VBAppDelegate.m; sourceTree = "<group>"; };
		791C09111832A8FE002F8BEA /* Base */ = {isa = PBXFileReference; lastKnownFileType = file.storyboard; name = Base; path = Base.lproj/Main.storyboard; sourceTree = "<group>"; };
		791C09131832A8FE002F8BEA /* VBViewController.h */ = {isa = PBXFileReference; lastKnownFileType = sourcecode.c.h; path = VBViewController.h; sourceTree = "<group>"; };
		791C09141832A8FE002F8BEA /* VBViewController.m */ = {isa = PBXFileReference; lastKnownFileType = sourcecode.c.objc; path = VBViewController.m; sourceTree = "<group>"; };
		791C09161832A8FE002F8BEA /* Images.xcassets */ = {isa = PBXFileReference; lastKnownFileType = folder.assetcatalog; path = Images.xcassets; sourceTree = "<group>"; };
		791C091C1832A8FE002F8BEA /* MinesweeperTests.xctest */ = {isa = PBXFileReference; explicitFileType = wrapper.cfbundle; includeInIndex = 0; path = MinesweeperTests.xctest; sourceTree = BUILT_PRODUCTS_DIR; };
		791C091D1832A8FE002F8BEA /* XCTest.framework */ = {isa = PBXFileReference; lastKnownFileType = wrapper.framework; name = XCTest.framework; path = Library/Frameworks/XCTest.framework; sourceTree = DEVELOPER_DIR; };
		791C09251832A8FE002F8BEA /* MinesweeperTests-Info.plist */ = {isa = PBXFileReference; lastKnownFileType = text.plist.xml; path = "MinesweeperTests-Info.plist"; sourceTree = "<group>"; };
		791C09271832A8FE002F8BEA /* en */ = {isa = PBXFileReference; lastKnownFileType = text.plist.strings; name = en; path = en.lproj/InfoPlist.strings; sourceTree = "<group>"; };
		791C09291832A8FE002F8BEA /* MinesweeperTests.m */ = {isa = PBXFileReference; lastKnownFileType = sourcecode.c.objc; path = MinesweeperTests.m; sourceTree = "<group>"; };
/* End PBXFileReference section */

/* Begin PBXFrameworksBuildPhase section */
		791C08F81832A8FE002F8BEA /* Frameworks */ = {
			isa = PBXFrameworksBuildPhase;
			buildActionMask = 2147483647;
			files = (
				791C09011832A8FE002F8BEA /* CoreGraphics.framework in Frameworks */,
				791C09031832A8FE002F8BEA /* UIKit.framework in Frameworks */,
				791C08FF1832A8FE002F8BEA /* Foundation.framework in Frameworks */,
			);
			runOnlyForDeploymentPostprocessing = 0;
		};
		791C09191832A8FE002F8BEA /* Frameworks */ = {
			isa = PBXFrameworksBuildPhase;
			buildActionMask = 2147483647;
			files = (
				791C091E1832A8FE002F8BEA /* XCTest.framework in Frameworks */,
				791C09201832A8FE002F8BEA /* UIKit.framework in Frameworks */,
				791C091F1832A8FE002F8BEA /* Foundation.framework in Frameworks */,
			);
			runOnlyForDeploymentPostprocessing = 0;
		};
/* End PBXFrameworksBuildPhase section */

/* Begin PBXGroup section */
		791C08F21832A8FE002F8BEA = {
			isa = PBXGroup;
			children = (
				791C09041832A8FE002F8BEA /* Minesweeper */,
				791C09231832A8FE002F8BEA /* MinesweeperTests */,
				791C08FD1832A8FE002F8BEA /* Frameworks */,
				791C08FC1832A8FE002F8BEA /* Products */,
			);
			sourceTree = "<group>";
		};
		791C08FC1832A8FE002F8BEA /* Products */ = {
			isa = PBXGroup;
			children = (
				791C08FB1832A8FE002F8BEA /* Minesweeper.app */,
				791C091C1832A8FE002F8BEA /* MinesweeperTests.xctest */,
			);
			name = Products;
			sourceTree = "<group>";
		};
		791C08FD1832A8FE002F8BEA /* Frameworks */ = {
			isa = PBXGroup;
			children = (
				791C08FE1832A8FE002F8BEA /* Foundation.framework */,
				791C09001832A8FE002F8BEA /* CoreGraphics.framework */,
				791C09021832A8FE002F8BEA /* UIKit.framework */,
				791C091D1832A8FE002F8BEA /* XCTest.framework */,
			);
			name = Frameworks;
			sourceTree = "<group>";
		};
		791C09041832A8FE002F8BEA /* Minesweeper */ = {
			isa = PBXGroup;
			children = (
				791C090D1832A8FE002F8BEA /* VBAppDelegate.h */,
				791C090E1832A8FE002F8BEA /* VBAppDelegate.m */,
				791C09101832A8FE002F8BEA /* Main.storyboard */,
				791C09131832A8FE002F8BEA /* VBViewController.h */,
				791C09141832A8FE002F8BEA /* VBViewController.m */,
				791C09161832A8FE002F8BEA /* Images.xcassets */,
				791C09051832A8FE002F8BEA /* Supporting Files */,
			);
			path = Minesweeper;
			sourceTree = "<group>";
		};
		791C09051832A8FE002F8BEA /* Supporting Files */ = {
			isa = PBXGroup;
			children = (
				791C09061832A8FE002F8BEA /* Minesweeper-Info.plist */,
				791C09071832A8FE002F8BEA /* InfoPlist.strings */,
				791C090A1832A8FE002F8BEA /* main.m */,
				791C090C1832A8FE002F8BEA /* Minesweeper-Prefix.pch */,
			);
			name = "Supporting Files";
			sourceTree = "<group>";
		};
		791C09231832A8FE002F8BEA /* MinesweeperTests */ = {
			isa = PBXGroup;
			children = (
				791C09291832A8FE002F8BEA /* MinesweeperTests.m */,
				791C09241832A8FE002F8BEA /* Supporting Files */,
			);
			path = MinesweeperTests;
			sourceTree = "<group>";
		};
		791C09241832A8FE002F8BEA /* Supporting Files */ = {
			isa = PBXGroup;
			children = (
				791C09251832A8FE002F8BEA /* MinesweeperTests-Info.plist */,
				791C09261832A8FE002F8BEA /* InfoPlist.strings */,
			);
			name = "Supporting Files";
			sourceTree = "<group>";
		};
/* End PBXGroup section */

/* Begin PBXNativeTarget section */
		791C08FA1832A8FE002F8BEA /* Minesweeper */ = {
			isa = PBXNativeTarget;
			buildConfigurationList = 791C092D1832A8FE002F8BEA /* Build configuration list for PBXNativeTarget "Minesweeper" */;
			buildPhases = (
				791C08F71832A8FE002F8BEA /* Sources */,
				791C08F81832A8FE002F8BEA /* Frameworks */,
				791C08F91832A8FE002F8BEA /* Resources */,
			);
			buildRules = (
			);
			dependencies = (
			);
			name = Minesweeper;
			productName = Minesweeper;
			productReference = 791C08FB1832A8FE002F8BEA /* Minesweeper.app */;
			productType = "com.apple.product-type.application";
		};
		791C091B1832A8FE002F8BEA /* MinesweeperTests */ = {
			isa = PBXNativeTarget;
			buildConfigurationList = 791C09301832A8FE002F8BEA /* Build configuration list for PBXNativeTarget "MinesweeperTests" */;
			buildPhases = (
				791C09181832A8FE002F8BEA /* Sources */,
				791C09191832A8FE002F8BEA /* Frameworks */,
				791C091A1832A8FE002F8BEA /* Resources */,
			);
			buildRules = (
			);
			dependencies = (
				791C09221832A8FE002F8BEA /* PBXTargetDependency */,
			);
			name = MinesweeperTests;
			productName = MinesweeperTests;
			productReference = 791C091C1832A8FE002F8BEA /* MinesweeperTests.xctest */;
			productType = "com.apple.product-type.bundle.unit-test";
		};
/* End PBXNativeTarget section */

/* Begin PBXProject section */
		791C08F31832A8FE002F8BEA /* Project object */ = {
			isa = PBXProject;
			attributes = {
				CLASSPREFIX = VB;
				LastUpgradeCheck = 0500;
				ORGANIZATIONNAME = VolonBolon;
				TargetAttributes = {
					791C091B1832A8FE002F8BEA = {
						TestTargetID = 791C08FA1832A8FE002F8BEA;
					};
				};
			};
			buildConfigurationList = 791C08F61832A8FE002F8BEA /* Build configuration list for PBXProject "Minesweeper" */;
			compatibilityVersion = "Xcode 3.2";
			developmentRegion = English;
			hasScannedForEncodings = 0;
			knownRegions = (
				en,
				Base,
			);
			mainGroup = 791C08F21832A8FE002F8BEA;
			productRefGroup = 791C08FC1832A8FE002F8BEA /* Products */;
			projectDirPath = "";
			projectRoot = "";
			targets = (
				791C08FA1832A8FE002F8BEA /* Minesweeper */,
				791C091B1832A8FE002F8BEA /* MinesweeperTests */,
			);
		};
/* End PBXProject section */

/* Begin PBXResourcesBuildPhase section */
		791C08F91832A8FE002F8BEA /* Resources */ = {
			isa = PBXResourcesBuildPhase;
			buildActionMask = 2147483647;
			files = (
				791C09171832A8FE002F8BEA /* Images.xcassets in Resources */,
				791C09091832A8FE002F8BEA /* InfoPlist.strings in Resources */,
				791C09121832A8FE002F8BEA /* Main.storyboard in Resources */,
			);
			runOnlyForDeploymentPostprocessing = 0;
		};
		791C091A1832A8FE002F8BEA /* Resources */ = {
			isa = PBXResourcesBuildPhase;
			buildActionMask = 2147483647;
			files = (
				791C09281832A8FE002F8BEA /* InfoPlist.strings in Resources */,
			);
			runOnlyForDeploymentPostprocessing = 0;
		};
/* End PBXResourcesBuildPhase section */

/* Begin PBXSourcesBuildPhase section */
		791C08F71832A8FE002F8BEA /* Sources */ = {
			isa = PBXSourcesBuildPhase;
			buildActionMask = 2147483647;
			files = (
				791C090F1832A8FE002F8BEA /* VBAppDelegate.m in Sources */,
				791C09151832A8FE002F8BEA /* VBViewController.m in Sources */,
				791C090B1832A8FE002F8BEA /* main.m in Sources */,
			);
			runOnlyForDeploymentPostprocessing = 0;
		};
		791C09181832A8FE002F8BEA /* Sources */ = {
			isa = PBXSourcesBuildPhase;
			buildActionMask = 2147483647;
			files = (
				791C092A1832A8FE002F8BEA /* MinesweeperTests.m in Sources */,
			);
			runOnlyForDeploymentPostprocessing = 0;
		};
/* End PBXSourcesBuildPhase section */

/* Begin PBXTargetDependency section */
		791C09221832A8FE002F8BEA /* PBXTargetDependency */ = {
			isa = PBXTargetDependency;
			target = 791C08FA1832A8FE002F8BEA /* Minesweeper */;
			targetProxy = 791C09211832A8FE002F8BEA /* PBXContainerItemProxy */;
		};
/* End PBXTargetDependency section */

/* Begin PBXVariantGroup section */
		791C09071832A8FE002F8BEA /* InfoPlist.strings */ = {
			isa = PBXVariantGroup;
			children = (
				791C09081832A8FE002F8BEA /* en */,
			);
			name = InfoPlist.strings;
			sourceTree = "<group>";
		};
		791C09101832A8FE002F8BEA /* Main.storyboard */ = {
			isa = PBXVariantGroup;
			children = (
				791C09111832A8FE002F8BEA /* Base */,
			);
			name = Main.storyboard;
			sourceTree = "<group>";
		};
		791C09261832A8FE002F8BEA /* InfoPlist.strings */ = {
			isa = PBXVariantGroup;
			children = (
				791C09271832A8FE002F8BEA /* en */,
			);
			name = InfoPlist.strings;
			sourceTree = "<group>";
		};
/* End PBXVariantGroup section */

/* Begin XCBuildConfiguration section */
		791C092B1832A8FE002F8BEA /* Debug */ = {
			isa = XCBuildConfiguration;
			buildSettings = {
				ALWAYS_SEARCH_USER_PATHS = NO;
				ARCHS = "$(ARCHS_STANDARD_INCLUDING_64_BIT)";
				CLANG_CXX_LANGUAGE_STANDARD = "gnu++0x";
				CLANG_CXX_LIBRARY = "libc++";
				CLANG_ENABLE_MODULES = YES;
				CLANG_ENABLE_OBJC_ARC = YES;
				CLANG_WARN_BOOL_CONVERSION = YES;
				CLANG_WARN_CONSTANT_CONVERSION = YES;
				CLANG_WARN_DIRECT_OBJC_ISA_USAGE = YES_ERROR;
				CLANG_WARN_EMPTY_BODY = YES;
				CLANG_WARN_ENUM_CONVERSION = YES;
				CLANG_WARN_INT_CONVERSION = YES;
				CLANG_WARN_OBJC_ROOT_CLASS = YES_ERROR;
				CLANG_WARN__DUPLICATE_METHOD_MATCH = YES;
				"CODE_SIGN_IDENTITY[sdk=iphoneos*]" = "iPhone Developer";
				COPY_PHASE_STRIP = NO;
				GCC_C_LANGUAGE_STANDARD = gnu99;
				GCC_DYNAMIC_NO_PIC = NO;
				GCC_OPTIMIZATION_LEVEL = 0;
				GCC_PREPROCESSOR_DEFINITIONS = (
					"DEBUG=1",
					"$(inherited)",
				);
				GCC_SYMBOLS_PRIVATE_EXTERN = NO;
				GCC_WARN_64_TO_32_BIT_CONVERSION = YES;
				GCC_WARN_ABOUT_RETURN_TYPE = YES_ERROR;
				GCC_WARN_UNDECLARED_SELECTOR = YES;
				GCC_WARN_UNINITIALIZED_AUTOS = YES;
				GCC_WARN_UNUSED_FUNCTION = YES;
				GCC_WARN_UNUSED_VARIABLE = YES;
				IPHONEOS_DEPLOYMENT_TARGET = 7.0;
				ONLY_ACTIVE_ARCH = YES;
				SDKROOT = iphoneos;
			};
			name = Debug;
		};
		791C092C1832A8FE002F8BEA /* Release */ = {
			isa = XCBuildConfiguration;
			buildSettings = {
				ALWAYS_SEARCH_USER_PATHS = NO;
				ARCHS = "$(ARCHS_STANDARD_INCLUDING_64_BIT)";
				CLANG_CXX_LANGUAGE_STANDARD = "gnu++0x";
				CLANG_CXX_LIBRARY = "libc++";
				CLANG_ENABLE_MODULES = YES;
				CLANG_ENABLE_OBJC_ARC = YES;
				CLANG_WARN_BOOL_CONVERSION = YES;
				CLANG_WARN_CONSTANT_CONVERSION = YES;
				CLANG_WARN_DIRECT_OBJC_ISA_USAGE = YES_ERROR;
				CLANG_WARN_EMPTY_BODY = YES;
				CLANG_WARN_ENUM_CONVERSION = YES;
				CLANG_WARN_INT_CONVERSION = YES;
				CLANG_WARN_OBJC_ROOT_CLASS = YES_ERROR;
				CLANG_WARN__DUPLICATE_METHOD_MATCH = YES;
				"CODE_SIGN_IDENTITY[sdk=iphoneos*]" = "iPhone Developer";
				COPY_PHASE_STRIP = YES;
				ENABLE_NS_ASSERTIONS = NO;
				GCC_C_LANGUAGE_STANDARD = gnu99;
				GCC_WARN_64_TO_32_BIT_CONVERSION = YES;
				GCC_WARN_ABOUT_RETURN_TYPE = YES_ERROR;
				GCC_WARN_UNDECLARED_SELECTOR = YES;
				GCC_WARN_UNINITIALIZED_AUTOS = YES;
				GCC_WARN_UNUSED_FUNCTION = YES;
				GCC_WARN_UNUSED_VARIABLE = YES;
				IPHONEOS_DEPLOYMENT_TARGET = 7.0;
				SDKROOT = iphoneos;
				VALIDATE_PRODUCT = YES;
			};
			name = Release;
		};
		791C092E1832A8FE002F8BEA /* Debug */ = {
			isa = XCBuildConfiguration;
			buildSettings = {
				ASSETCATALOG_COMPILER_APPICON_NAME = AppIcon;
				ASSETCATALOG_COMPILER_LAUNCHIMAGE_NAME = LaunchImage;
				GCC_PRECOMPILE_PREFIX_HEADER = YES;
				GCC_PREFIX_HEADER = "Minesweeper/Minesweeper-Prefix.pch";
				INFOPLIST_FILE = "Minesweeper/Minesweeper-Info.plist";
				PRODUCT_NAME = "$(TARGET_NAME)";
				WRAPPER_EXTENSION = app;
			};
			name = Debug;
		};
		791C092F1832A8FE002F8BEA /* Release */ = {
			isa = XCBuildConfiguration;
			buildSettings = {
				ASSETCATALOG_COMPILER_APPICON_NAME = AppIcon;
				ASSETCATALOG_COMPILER_LAUNCHIMAGE_NAME = LaunchImage;
				GCC_PRECOMPILE_PREFIX_HEADER = YES;
				GCC_PREFIX_HEADER = "Minesweeper/Minesweeper-Prefix.pch";
				INFOPLIST_FILE = "Minesweeper/Minesweeper-Info.plist";
				PRODUCT_NAME = "$(TARGET_NAME)";
				WRAPPER_EXTENSION = app;
			};
			name = Release;
		};
		791C09311832A8FE002F8BEA /* Debug */ = {
			isa = XCBuildConfiguration;
			buildSettings = {
				ARCHS = "$(ARCHS_STANDARD_INCLUDING_64_BIT)";
				BUNDLE_LOADER = "$(BUILT_PRODUCTS_DIR)/Minesweeper.app/Minesweeper";
				FRAMEWORK_SEARCH_PATHS = (
					"$(SDKROOT)/Developer/Library/Frameworks",
					"$(inherited)",
					"$(DEVELOPER_FRAMEWORKS_DIR)",
				);
				GCC_PRECOMPILE_PREFIX_HEADER = YES;
				GCC_PREFIX_HEADER = "Minesweeper/Minesweeper-Prefix.pch";
				GCC_PREPROCESSOR_DEFINITIONS = (
					"DEBUG=1",
					"$(inherited)",
				);
				INFOPLIST_FILE = "MinesweeperTests/MinesweeperTests-Info.plist";
				PRODUCT_NAME = "$(TARGET_NAME)";
				TEST_HOST = "$(BUNDLE_LOADER)";
				WRAPPER_EXTENSION = xctest;
			};
			name = Debug;
		};
		791C09321832A8FE002F8BEA /* Release */ = {
			isa = XCBuildConfiguration;
			buildSettings = {
				ARCHS = "$(ARCHS_STANDARD_INCLUDING_64_BIT)";
				BUNDLE_LOADER = "$(BUILT_PRODUCTS_DIR)/Minesweeper.app/Minesweeper";
				FRAMEWORK_SEARCH_PATHS = (
					"$(SDKROOT)/Developer/Library/Frameworks",
					"$(inherited)",
					"$(DEVELOPER_FRAMEWORKS_DIR)",
				);
				GCC_PRECOMPILE_PREFIX_HEADER = YES;
				GCC_PREFIX_HEADER = "Minesweeper/Minesweeper-Prefix.pch";
				INFOPLIST_FILE = "MinesweeperTests/MinesweeperTests-Info.plist";
				PRODUCT_NAME = "$(TARGET_NAME)";
				TEST_HOST = "$(BUNDLE_LOADER)";
				WRAPPER_EXTENSION = xctest;
			};
			name = Release;
		};
/* End XCBuildConfiguration section */

/* Begin XCConfigurationList section */
		791C08F61832A8FE002F8BEA /* Build configuration list for PBXProject "Minesweeper" */ = {
			isa = XCConfigurationList;
			buildConfigurations = (
				791C092B1832A8FE002F8BEA /* Debug */,
				791C092C1832A8FE002F8BEA /* Release */,
			);
			defaultConfigurationIsVisible = 0;
			defaultConfigurationName = Release;
		};
		791C092D1832A8FE002F8BEA /* Build configuration list for PBXNativeTarget "Minesweeper" */ = {
			isa = XCConfigurationList;
			buildConfigurations = (
				791C092E1832A8FE002F8BEA /* Debug */,
				791C092F1832A8FE002F8BEA /* Release */,
			);
			defaultConfigurationIsVisible = 0;
		};
		791C09301832A8FE002F8BEA /* Build configuration list for PBXNativeTarget "MinesweeperTests" */ = {
			isa = XCConfigurationList;
			buildConfigurations = (
				791C09311832A8FE002F8BEA /* Debug */,
				791C09321832A8FE002F8BEA /* Release */,
			);
			defaultConfigurationIsVisible = 0;
		};
/* End XCConfigurationList section */
	};
	rootObject = 791C08F31832A8FE002F8BEA /* Project object */;
}
